
Microsoft Visual Studio Solution File, Format Version 12.00
# Visual Studio 15
VisualStudioVersion = 15.0.27004.2005
MinimumVisualStudioVersion = 10.0.40219.1
Project("{FAE04EC0-301F-11D3-BF4B-00C04F79EFBC}") = "WebApplication1", "WebApplication1\WebApplication1.csproj", "{F50A7D22-31D8-4DF2-8414-0DD07CE04166}"
EndProject
Project("{E53339B2-1760-4266-BCC7-CA923CBCF16C}") = "docker-compose", "docker-compose.dcproj", "{66F47FBE-041F-487C-9B96-CFC6012D56B1}"
EndProject
Global
	GlobalSection(SolutionConfigurationPlatforms) = preSolution
		Debug|Any CPU = Debug|Any CPU
		Release|Any CPU = Release|Any CPU
	EndGlobalSection
	GlobalSection(ProjectConfigurationPlatforms) = postSolution
		{F50A7D22-31D8-4DF2-8414-0DD07CE04166}.Debug|Any CPU.ActiveCfg = Debug|Any CPU
		{F50A7D22-31D8-4DF2-8414-0DD07CE04166}.Debug|Any CPU.Build.0 = Debug|Any CPU
		{F50A7D22-31D8-4DF2-8414-0DD07CE04166}.Release|Any CPU.ActiveCfg = Release|Any CPU
		{F50A7D22-31D8-4DF2-8414-0DD07CE04166}.Release|Any CPU.Build.0 = Release|Any CPU
		{66F47FBE-041F-487C-9B96-CFC6012D56B1}.Debug|Any CPU.ActiveCfg = Debug|Any CPU
		{66F47FBE-041F-487C-9B96-CFC6012D56B1}.Debug|Any CPU.Build.0 = Debug|Any CPU
		{66F47FBE-041F-487C-9B96-CFC6012D56B1}.Release|Any CPU.ActiveCfg = Release|Any CPU
		{66F47FBE-041F-487C-9B96-CFC6012D56B1}.Release|Any CPU.Build.0 = Release|Any CPU
	EndGlobalSection
	GlobalSection(SolutionProperties) = preSolution
		HideSolutionNode = FALSE
	EndGlobalSection
	GlobalSection(ExtensibilityGlobals) = postSolution
		SolutionGuid = {85394DA5-B93A-4AC2-B211-0C68250E1D40}
	EndGlobalSection
EndGlobal
